{
  "version": 4,
  "terraform_version": "1.3.9",
  "serial": 321,
  "lineage": "cbc5e9c2-94f1-a4a2-e04d-abbbabc079e6",
  "outputs": {},
  "resources": [
    {
      "module": "module.eks_cluster",
      "mode": "managed",
      "type": "aws_eks_cluster",
      "name": "kube_cluster",
      "provider": "provider[\"registry.terraform.io/hashicorp/aws\"]",
      "instances": [
        {
          "schema_version": 1,
          "attributes": {
            "access_config": [
              {
                "authentication_mode": "CONFIG_MAP",
                "bootstrap_cluster_creator_admin_permissions": true
              }
            ],
            "arn": "arn:aws:eks:us-east-1:945822377117:cluster/eks-cluster-1",
            "bootstrap_self_managed_addons": true,
            "certificate_authority": [
              {
                "data": "LS0tLS1CRUdJTiBDRVJUSUZJQ0FURS0tLS0tCk1JSURCVENDQWUyZ0F3SUJBZ0lJYUpaem5KeWwwV1F3RFFZSktvWklodmNOQVFFTEJRQXdGVEVUTUJFR0ExVUUKQXhNS2EzVmlaWEp1WlhSbGN6QWVGdzB5TlRBM01UY3hNalE1TkRWYUZ3MHpOVEEzTVRVeE1qVTBORFZhTUJVeApFekFSQmdOVkJBTVRDbXQxWW1WeWJtVjBaWE13Z2dFaU1BMEdDU3FHU0liM0RRRUJBUVVBQTRJQkR3QXdnZ0VLCkFvSUJBUUNxbkJkUkhpT1ZQdVNiVFhuY0kxNmdkUVBJcTgxMGp0S0UzcTAyL1hjdGRkaHY5ZEhTWGs2MEh5R0IKcjZLK21neEtNcW5aallZN0NyYmVITUlqYXJtL2xCeHdrWldtOFo4eDdKNVd3QzY3eWdzR3BGaDk5VHFhWXlYSApxTlhDd0ExaE9nUmthY3phOU9DamY0YjkrUTNaSVR5OEI0RXgvdUtrVnk1Y21qNkZzZk82eFJVZFQzZWE3WHFDCjVNWndJdWpBeXBzREI1Tm5iVlprODMrVVh2V1VtaWJpS0tTb2ptb0lhbGlQM09rMklBVDRNcDRlWVYzYVlYWEkKbkp3c3JMU0hud0JROE5YMFd6Z3NDQ0dCLzVkYTQxYm0rV09EcTlta0cxQUhvT3lpY205QXh2cmJHRXo3Ykd1OAp1c1lOQmttNDdhQUxVbk5nTkprMWJSYWIxWlEvQWdNQkFBR2pXVEJYTUE0R0ExVWREd0VCL3dRRUF3SUNwREFQCkJnTlZIUk1CQWY4RUJUQURBUUgvTUIwR0ExVWREZ1FXQkJUMnd3ZUk0V0J4WDdjdFFpaDZkQlRrdEkxcjFEQVYKQmdOVkhSRUVEakFNZ2dwcmRXSmxjbTVsZEdWek1BMEdDU3FHU0liM0RRRUJDd1VBQTRJQkFRQndzVVZTMmhMdApFQW1DZTUyUElWUXhZOVEwMlRJd0tnNFFGM3FNUFAyUlN1SmtJb0lJZW9sdlVMQTlHZGo3K2NCeHA5RGl6UzFHCkpDZXhNN25UYllHNDRDcjFBa1ZqQTdhWldxa0o5T01tdnlMdmd4SGlVQXB2b1FtQXp3NjJEWEJ0aGZiV0pSTUoKU3dtNTBqNncxS2M4a2tmWmxFNkhpbHg3akgrNHBjQXJMaG00czAra0RsUzh1RStiMzZLT3B4U0dRK0UyQkxwdgpzQ1p4bzBUTWNYRFlmanRtMkgrL0FzL3Z1eHQ0NVNLeEIwWkhlRGdJTVE2aUttV1Zlc24zMHgvS1A0YXlkRkd4CmlrcjlpWVdpMkVVZ0wzTG15Y3JMc1hCUzM1dC9NejRJOGlwQ2ZuUXJzeU1vcWwzR2haSkl3VUIrejdSOXlGblIKZ01uNzZMZGpVUmR4Ci0tLS0tRU5EIENFUlRJRklDQVRFLS0tLS0K"
              }
            ],
            "cluster_id": null,
            "compute_config": [],
            "created_at": "2025-07-17T12:49:42Z",
            "enabled_cluster_log_types": [],
            "encryption_config": [],
            "endpoint": "https://0CC2A74D4296E4DD3EE8DAB1EC52D603.yl4.us-east-1.eks.amazonaws.com",
            "force_update_version": null,
            "id": "eks-cluster-1",
            "identity": [
              {
                "oidc": [
                  {
                    "issuer": "https://oidc.eks.us-east-1.amazonaws.com/id/0CC2A74D4296E4DD3EE8DAB1EC52D603"
                  }
                ]
              }
            ],
            "kubernetes_network_config": [
              {
                "elastic_load_balancing": [
                  {
                    "enabled": false
                  }
                ],
                "ip_family": "ipv4",
                "service_ipv4_cidr": "172.20.0.0/16",
                "service_ipv6_cidr": ""
              }
            ],
            "name": "eks-cluster-1",
            "outpost_config": [],
            "platform_version": "eks.40",
            "region": "us-east-1",
            "remote_network_config": [],
            "role_arn": "arn:aws:iam::945822377117:role/-eks-cluster-role",
            "status": "ACTIVE",
            "storage_config": [],
            "tags": {
              "Environment": "eks",
              "Terraform": "true"
            },
            "tags_all": {
              "Environment": "eks",
              "Terraform": "true"
            },
            "timeouts": null,
            "upgrade_policy": [
              {
                "support_type": "EXTENDED"
              }
            ],
            "version": "1.29",
            "vpc_config": [
              {
                "cluster_security_group_id": "sg-037ba5bb4614ed465",
                "endpoint_private_access": false,
                "endpoint_public_access": true,
                "public_access_cidrs": [
                  "0.0.0.0/0"
                ],
                "security_group_ids": [],
                "subnet_ids": [
                  "subnet-02fc004cbb529bef5",
                  "subnet-0c8446c589694b3d3"
                ],
                "vpc_id": "vpc-0acd0dfec5f916230"
              }
            ],
            "zonal_shift_config": []
          },
          "sensitive_attributes": [],
          "private": "eyJlMmJmYjczMC1lY2FhLTExZTYtOGY4OC0zNDM2M2JjN2M0YzAiOnsiY3JlYXRlIjoxODAwMDAwMDAwMDAwLCJkZWxldGUiOjkwMDAwMDAwMDAwMCwidXBkYXRlIjozNjAwMDAwMDAwMDAwfSwic2NoZW1hX3ZlcnNpb24iOiIxIn0=",
          "dependencies": [
            "module.iam_role.aws_iam_role.eks_cluster_role",
            "module.iam_role_policy_attachment.aws_iam_role_policy_attachment.eks_cluster_policy",
            "module.subnet.aws_subnet.private",
            "module.vpc.aws_vpc.appscrib-vpc"
          ]
        }
      ]
    },
    {
      "module": "module.eks_node_group",
      "mode": "managed",
      "type": "aws_eks_node_group",
      "name": "group1",
      "provider": "provider[\"registry.terraform.io/hashicorp/aws\"]",
      "instances": [
        {
          "schema_version": 0,
          "attributes": {
            "ami_type": "AL2_x86_64",
            "arn": "arn:aws:eks:us-east-1:945822377117:nodegroup/eks-cluster-1/eks-cluster-1-node-group/0ecc0c3b-8eb9-c2fe-179e-1cc2e1f978fe",
            "capacity_type": "ON_DEMAND",
            "cluster_name": "eks-cluster-1",
            "disk_size": 20,
            "force_update_version": null,
            "id": "eks-cluster-1:eks-cluster-1-node-group",
            "instance_types": [
              "t3.medium"
            ],
            "labels": null,
            "launch_template": [],
            "node_group_name": "eks-cluster-1-node-group",
            "node_group_name_prefix": "",
            "node_repair_config": [],
            "node_role_arn": "arn:aws:iam::945822377117:role/-node-group-role",
            "region": "us-east-1",
            "release_version": "1.29.15-20250704",
            "remote_access": [
              {
                "ec2_ssh_key": "shivam-kube-key",
                "source_security_group_ids": null
              }
            ],
            "resources": [
              {
                "autoscaling_groups": [
                  {
                    "name": "eks-eks-cluster-1-node-group-0ecc0c3b-8eb9-c2fe-179e-1cc2e1f978fe"
                  }
                ],
                "remote_access_security_group_id": "sg-00468e7f58ef06bf7"
              }
            ],
            "scaling_config": [
              {
                "desired_size": 2,
                "max_size": 3,
                "min_size": 1
              }
            ],
            "status": "ACTIVE",
            "subnet_ids": [
              "subnet-02fc004cbb529bef5",
              "subnet-0c8446c589694b3d3"
            ],
            "tags": {
              "Environment": "eks",
              "Terraform": "true"
            },
            "tags_all": {
              "Environment": "eks",
              "Terraform": "true"
            },
            "taint": [],
            "timeouts": null,
            "update_config": [
              {
                "max_unavailable": 1,
                "max_unavailable_percentage": 0
              }
            ],
            "version": "1.29"
          },
          "sensitive_attributes": [],
          "private": "eyJlMmJmYjczMC1lY2FhLTExZTYtOGY4OC0zNDM2M2JjN2M0YzAiOnsiY3JlYXRlIjozNjAwMDAwMDAwMDAwLCJkZWxldGUiOjM2MDAwMDAwMDAwMDAsInVwZGF0ZSI6MzYwMDAwMDAwMDAwMH19",
          "dependencies": [
            "module.iam_role_node.aws_iam_role.node_group_role",
            "module.iam_role_node_policy_attachment.aws_iam_role_policy_attachment.node_group_policies",
            "module.key_pair.aws_key_pair.eks_key",
            "module.key_pair.tls_private_key.eks_key",
            "module.subnet.aws_subnet.private"
          ]
        }
      ]
    },
    {
      "module": "module.iam_role",
      "mode": "managed",
      "type": "aws_iam_role",
      "name": "eks_cluster_role",
      "provider": "provider[\"registry.terraform.io/hashicorp/aws\"]",
      "instances": [
        {
          "schema_version": 0,
          "attributes": {
            "arn": "arn:aws:iam::945822377117:role/-eks-cluster-role",
            "assume_role_policy": "{\"Statement\":[{\"Action\":\"sts:AssumeRole\",\"Effect\":\"Allow\",\"Principal\":{\"Service\":\"eks.amazonaws.com\"}}],\"Version\":\"2012-10-17\"}",
            "create_date": "2025-07-17T12:49:32Z",
            "description": "",
            "force_detach_policies": false,
            "id": "-eks-cluster-role",
            "inline_policy": [],
            "managed_policy_arns": [
              "arn:aws:iam::aws:policy/AmazonEKSClusterPolicy"
            ],
            "max_session_duration": 3600,
            "name": "-eks-cluster-role",
            "name_prefix": "",
            "path": "/",
            "permissions_boundary": "",
            "tags": {
              "Environment": "eks",
              "Terraform": "true"
            },
            "tags_all": {
              "Environment": "eks",
              "Terraform": "true"
            },
            "unique_id": "AROA5YN3IESOXOJSBQHBC"
          },
          "sensitive_attributes": [],
          "private": "bnVsbA=="
        }
      ]
    },
    {
      "module": "module.iam_role_node",
      "mode": "managed",
      "type": "aws_iam_role",
      "name": "node_group_role",
      "provider": "provider[\"registry.terraform.io/hashicorp/aws\"]",
      "instances": [
        {
          "schema_version": 0,
          "attributes": {
            "arn": "arn:aws:iam::945822377117:role/-node-group-role",
            "assume_role_policy": "{\"Statement\":[{\"Action\":\"sts:AssumeRole\",\"Effect\":\"Allow\",\"Principal\":{\"Service\":\"ec2.amazonaws.com\"}}],\"Version\":\"2012-10-17\"}",
            "create_date": "2025-07-17T12:58:33Z",
            "description": "",
            "force_detach_policies": false,
            "id": "-node-group-role",
            "inline_policy": [],
            "managed_policy_arns": [],
            "max_session_duration": 3600,
            "name": "-node-group-role",
            "name_prefix": "",
            "path": "/",
            "permissions_boundary": "",
            "tags": {
              "Environment": "eks",
              "Terraform": "true"
            },
            "tags_all": {
              "Environment": "eks",
              "Terraform": "true"
            },
            "unique_id": "AROA5YN3IESOXE3R2GJHS"
          },
          "sensitive_attributes": [],
          "private": "bnVsbA=="
        }
      ]
    },
    {
      "module": "module.iam_role_node_policy_attachment",
      "mode": "managed",
      "type": "aws_iam_role_policy_attachment",
      "name": "node_group_policies",
      "provider": "provider[\"registry.terraform.io/hashicorp/aws\"]",
      "instances": [
        {
          "index_key": "arn:aws:iam::aws:policy/AmazonEC2ContainerRegistryReadOnly",
          "schema_version": 0,
          "attributes": {
            "id": "-node-group-role/arn:aws:iam::aws:policy/AmazonEC2ContainerRegistryReadOnly",
            "policy_arn": "arn:aws:iam::aws:policy/AmazonEC2ContainerRegistryReadOnly",
            "role": "-node-group-role"
          },
          "sensitive_attributes": [],
          "private": "bnVsbA==",
          "dependencies": [
            "module.iam_role_node.aws_iam_role.node_group_role"
          ]
        },
        {
          "index_key": "arn:aws:iam::aws:policy/AmazonEKSWorkerNodePolicy",
          "schema_version": 0,
          "attributes": {
            "id": "-node-group-role/arn:aws:iam::aws:policy/AmazonEKSWorkerNodePolicy",
            "policy_arn": "arn:aws:iam::aws:policy/AmazonEKSWorkerNodePolicy",
            "role": "-node-group-role"
          },
          "sensitive_attributes": [],
          "private": "bnVsbA==",
          "dependencies": [
            "module.iam_role_node.aws_iam_role.node_group_role"
          ]
        },
        {
          "index_key": "arn:aws:iam::aws:policy/AmazonEKS_CNI_Policy",
          "schema_version": 0,
          "attributes": {
            "id": "-node-group-role/arn:aws:iam::aws:policy/AmazonEKS_CNI_Policy",
            "policy_arn": "arn:aws:iam::aws:policy/AmazonEKS_CNI_Policy",
            "role": "-node-group-role"
          },
          "sensitive_attributes": [],
          "private": "bnVsbA==",
          "dependencies": [
            "module.iam_role_node.aws_iam_role.node_group_role"
          ]
        }
      ]
    },
    {
      "module": "module.iam_role_policy_attachment",
      "mode": "managed",
      "type": "aws_iam_role_policy_attachment",
      "name": "eks_cluster_policy",
      "provider": "provider[\"registry.terraform.io/hashicorp/aws\"]",
      "instances": [
        {
          "schema_version": 0,
          "attributes": {
            "id": "-eks-cluster-role/arn:aws:iam::aws:policy/AmazonEKSClusterPolicy",
            "policy_arn": "arn:aws:iam::aws:policy/AmazonEKSClusterPolicy",
            "role": "-eks-cluster-role"
          },
          "sensitive_attributes": [],
          "private": "bnVsbA==",
          "dependencies": [
            "module.iam_role.aws_iam_role.eks_cluster_role"
          ]
        }
      ]
    },
    {
      "module": "module.internet_gateway",
      "mode": "managed",
      "type": "aws_internet_gateway",
      "name": "ig1",
      "provider": "provider[\"registry.terraform.io/hashicorp/aws\"]",
      "instances": [
        {
          "schema_version": 0,
          "attributes": {
            "arn": "arn:aws:ec2:us-east-1:945822377117:internet-gateway/igw-01cf697b030e0c5ea",
            "id": "igw-01cf697b030e0c5ea",
            "owner_id": "945822377117",
            "region": "us-east-1",
            "tags": {
              "Name": "appscrib-internet-gateway"
            },
            "tags_all": {
              "Name": "appscrib-internet-gateway"
            },
            "timeouts": null,
            "vpc_id": "vpc-0acd0dfec5f916230"
          },
          "sensitive_attributes": [],
          "private": "eyJlMmJmYjczMC1lY2FhLTExZTYtOGY4OC0zNDM2M2JjN2M0YzAiOnsiY3JlYXRlIjoxMjAwMDAwMDAwMDAwLCJkZWxldGUiOjEyMDAwMDAwMDAwMDAsInVwZGF0ZSI6MTIwMDAwMDAwMDAwMH19",
          "dependencies": [
            "module.vpc.aws_vpc.appscrib-vpc"
          ]
        }
      ]
    },
    {
      "module": "module.key_pair",
      "mode": "managed",
      "type": "aws_key_pair",
      "name": "eks_key",
      "provider": "provider[\"registry.terraform.io/hashicorp/aws\"]",
      "instances": [
        {
          "schema_version": 1,
          "attributes": {
            "arn": "arn:aws:ec2:us-east-1:945822377117:key-pair/shivam-kube-key",
            "fingerprint": "1d:44:52:d3:b9:50:8f:74:aa:53:4e:46:02:c3:d9:70",
            "id": "shivam-kube-key",
            "key_name": "shivam-kube-key",
            "key_name_prefix": "",
            "key_pair_id": "key-00182194bf2a95126",
            "key_type": "rsa",
            "public_key": "ssh-rsa AAAAB3NzaC1yc2EAAAADAQABAAACAQC/zMfGPdf2Ecn+6G7H5eeNHAzb0h5vVFGA3mI10uwWxO+NJvpLQ39HYB1fCH5IgCSuC/6BhEU3TnCljGav7cAwci5pcm2xrdLUYaxUpkUCYoiFtjM8MES4c23q1ZCk3LoB58fpk+3sVH/xuh2dC+E69IyCtAHMkqo4aaepn9CgeswwvM/RF7JZqUsxAZgQCaKcsv93AzAtqsVxSJLpM5f8p0Ri1LCXFZIyF3xn5Q+SHILgGffXvUJjHTQ0iabew32XFj98HTGKujgyhxcd/Y2T9X0KrtZ/ZDWvtKDswKKoLDbewhYEVzIyeMQBQ89BMFImNxEbwoV8ltpWSihgmi9dZxA3+vaFQuBGq9F1MKs7k77ZX5OJA/XpMwYOZ31rcRB99/sS8pmFtpUMWG03xuauhlCE27S6AJt1JTKBhCCECC746XlghnreJfpi+1kZzvMJTNafBIGNI3CAc9qITStvqYf0xokRQo7N2g/Wv8OLqSb0E2KJGoesscMENgIawJrO+0jkaU7qLrf9jOU9NfiSS7f9zPF+phQvZN1+9OYQwD1ffUAtXp1TSArG4uBESfK5DZKXj2HbeYNFZ4lYL4WI8Ix8JsHjfscUukks3bTVJ2z7g4l9LCjTH8AJt5UCnhoai/nisQ0Gic21EM+83r0hDfyXIcXyM655areDOz3PYQ==",
            "region": "us-east-1",
            "tags": null,
            "tags_all": {}
          },
          "sensitive_attributes": [],
          "private": "eyJzY2hlbWFfdmVyc2lvbiI6IjEifQ==",
          "dependencies": [
            "module.key_pair.tls_private_key.eks_key"
          ]
        }
      ]
    },
    {
      "module": "module.key_pair",
      "mode": "managed",
      "type": "local_file",
      "name": "private_key",
      "provider": "provider[\"registry.terraform.io/hashicorp/local\"]",
      "instances": [
        {
          "schema_version": 0,
          "attributes": {
            "content": "-----BEGIN RSA PRIVATE KEY-----\nMIIJKAIBAAKCAgEAv8zHxj3X9hHJ/uhux+XnjRwM29Ieb1RRgN5iNdLsFsTvjSb6\nS0N/R2AdXwh+SIAkrgv+gYRFN05wpYxmr+3AMHIuaXJtsa3S1GGsVKZFAmKIhbYz\nPDBEuHNt6tWQpNy6AefH6ZPt7FR/8bodnQvhOvSMgrQBzJKqOGmnqZ/QoHrMMLzP\n0ReyWalLMQGYEAminLL/dwMwLarFcUiS6TOX/KdEYtSwlxWSMhd8Z+UPkhyC4Bn3\n171CYx00NImm3sN9lxY/fB0xiro4MocXHf2Nk/V9Cq7Wf2Q1r7Sg7MCiqCw23sIW\nBFcyMnjEAUPPQTBSJjcRG8KFfJbaVkooYJovXWcQN/r2hULgRqvRdTCrO5O+2V+T\niQP16TMGDmd9a3EQfff7EvKZhbaVDFhtN8bmroZQhNu0ugCbdSUygYQghAgu+Ol5\nYIZ63iX6YvtZGc7zCUzWnwSBjSNwgHPaiE0rb6mH9MaJEUKOzdoP1r/Di6km9BNi\niRqHrLHDBDYCGsCazvtI5GlO6i63/YzlPTX4kku3/czxfqYUL2TdfvTmEMA9X31A\nLV6dU0gKxuLgREnyuQ2Sl49h23mDRWeJWC+FiPCMfCbB437HFLpJLN201Sds+4OJ\nfSwo0x/ACbeVAp4aGov54rENBonNtRDPvN69IQ38lyHF8jOueWq3gzs9z2ECAwEA\nAQKCAgAJkMh72hS9uHhnBqeTv6MTNg1sHygWbFGeSDkEry7IGe1KkGGWRFkCMch1\nN2K48e8iYQXB5tte3UIf94cdihF2OROYfbT70gv8PJzQIfS6IDjn1kTq4QtkWZln\nR1xt5HZAZxNg0lhg23wADcSxUujaPF0PnbOjRMNJifdrLcXFYypw2dHRf0mNUDSo\nToiLcDeUchbslBOgi25KbpCpIcIYPy1ZcnsWJeTDK8mwEsv6gQKD87eZIl6/u7Kh\nViYk4QIP+XOUGI6ieRQZbQRZog4gDXO9hye6dcB5sVv/QsI5+e6IoIxhjgm6W6yG\n1Z9uBF9seX2YcVSf+JQODqfB3Z60ByAlYhBzDAKoqbE9BGMizS19H6NrLI/dsBzi\nuYVQwoALYp+UkhO0KsnTDIV1Z0GUEZhTTWXFoUQe79SoV6rQc6gW3Y56r0YC0HhA\nad6B0qmrOjIcKHPjV2E9JZP/fjAW4HQ2In0y9GG9IbpWs6J5Yzhr9o4DZhWyHjGH\nIGFg/xpBgtUb4LHi+M+JaTcYP39qPmJHS+SG7c3TlBM+jvsttuDd0ZNo1FZOvJBt\nOsEr/YRMyPWq66DusB107E1eNY/NEYl2WH4oWcYdSJxeloHnaWtbZ8ecI+srghUc\nLDQOtFAIU2KixeqJBZ0jqvsaNJ1KS5CpriX1CcdAzd+W0CaU8wKCAQEAyh7EWxfY\ndYMMrxjfp8lhduZvvoqqsAsnkx2fG3Ao2H3qPaBeFGXMosfB76pxhZW0E+NBW1ds\n2l4UKRKU/LrgGFIwReqlR1HRS5vR71Q5/RQoLW5aH3eCR8NN7a0F85BaICW8igKz\nkKH38kjwVIJa2+ssBiuXJLxRMMY+b9U5UrfgKvSWTmo3bQ71quZXggFhF7RHnhmS\nnGYkeDLOv+xy6ztLtRKyRUNP4C9tIt+Oq9V07+YrwwRudvwToS/c4d0KCWq16mBa\nhQ70bKT2XfeWl2+smAa/is/1VtBd29eHFgu7NuV6ljDOytcuehezDReUnTMWMfI6\nvSOTDqC6mLbtzwKCAQEA8u27CfjTiUj3YoKQUPyLpbFYRTx/jtor3zoFc0nmTmpn\n+J/FxgSNm8Wgscv7u7KzUNWZNXtCBkOg+pcKTjVsSlylG5mthTSOjtxI5tJXNePm\nk6bmbohG1TVmT2sa3snMiS5Sz78npULBWRz7pY150rEielIqioXoapNS/5YADh3I\ns9lwOvIyLFYHoMqAdngN7yqfzuk+1r/o3IvHfY/xZg6D6AmTtmEYhh2053xI2dAs\nFub6KsGTnp2DfCeMsleT0/C2xUA4gOh8gu20LbI1BVYF83WWs4h0G1zBfX/FXIdp\nDQZz43YgyRfek152AXaj1Nk6OcDniQELUYYRELJrzwKCAQEAooh9Q/d39H9uyrtI\n1ydEvhVuVJ4zxh8iMtaGJM1bu0P+ApKcNPDrzxatqKm6Yj7RMZD09JvoB+3Rbnnn\n3xfzrvsgoIihYim0EYX7GubzPsVfzbDIvjcfR9ARMYiKmaNCJknSRHUJqsvklCv9\nPygYInMJ0uhowXzCGWPBv7KKRy9gD4rh96rIaWW3Pje+tOehCSvKz6Mm16f3ucS5\np3JfszPanICtZK9NYy0gKQP3Oc0MHQJNvKQqpHnu2xafG+3g7VOneBMFl6w/98Hr\n8AJyUdLWyuXaT6kNVEN4xpmZoqvKX8nHe1FCabECSeIW9Pc6ZfM37PAqNgCOeBve\nEYJA1wKCAQAgFtkbIxxGSTYsdBS+Le4AcCG525j59MXQ0ehAZ2WdvB6J0Ake9CEE\nj6F/evOAwsU/C0gWsXZyP2K3V1ZMKHBqjjxdHfq22s9t/Zk/rE9K1hTyMhzEQwog\nRdKC8SH2he+Xu1/DA3woL148+EAhiUOrWiy0vb/S1odx9I4FJvpQ4wxM/Y7+qlmI\nU8DkM3uuqoMksZu0iEj9sxH+eBRc+LOpiIdSElnJwJ+tr6Ti4x74brA0QkSPe0yV\nqjbhIpRKRplHaMer3KTaGlvAK8geNSkd0FQu6byDcKXtq13/xu36IAT3bH/IbyU7\niwSisNqjrNlNV3iCgoHTLikhlrUQYJEvAoIBAGVkK6O3QIG6zJU/c3+0C3MDNuBS\nE+xfjM46tEJLstXwq2bTCLFUZd4+LAMmQpXSEOZvM3z+WgDfmhA43icCXq4izvwa\nuOFeyP+e57Xz9ORDKIaFvBUvpBeo5czVZHcG7zYAGbOQXoEYAi455SlX+InjN9DH\nN7MPaY1w5+ju3O0p3Ljfg6DDsABYyPtPmxphzuICYwY5FstG1KVxjvd0SCUfhhYW\n729T7Sg0RLDqFOteoRpvul2Iw/CUEs2igJWajwWcLHhn48auVaHHG7oPRcSC8Hb7\nLNrUXbWINl/4DLdCYzBSLqS8y4OkwRcuQ6gr2EypoYrOBE5ek1YN2/SpZrA=\n-----END RSA PRIVATE KEY-----\n",
            "content_base64": null,
            "content_base64sha256": "TURcl0UvhUITW7KFB5WHDyduLHv5LNkvRvwk+I3nzx0=",
            "content_base64sha512": "TxSTvS9LioXo5by07SxqTeqMQ4CdjVPiYRfwA5+4gDUByAmh23HHIn9zKiOs+i2YQmusoco42B0aoleUgZr1LQ==",
            "content_md5": "d547df61986b5c1cdcf43333b8093338",
            "content_sha1": "7db0b22d6dd016d045d687c7aab272aa92204b76",
            "content_sha256": "4d445c97452f8542135bb2850795870f276e2c7bf92cd92f46fc24f88de7cf1d",
            "content_sha512": "4f1493bd2f4b8a85e8e5bcb4ed2c6a4dea8c43809d8d53e26117f0039fb8803501c809a1db71c7227f732a23acfa2d98426baca1ca38d81d1aa25794819af52d",
            "directory_permission": "0777",
            "file_permission": "0400",
            "filename": "modules/key_pair/shivam-kube-key.pem",
            "id": "7db0b22d6dd016d045d687c7aab272aa92204b76",
            "sensitive_content": null,
            "source": null
          },
          "sensitive_attributes": [
            [
              {
                "type": "get_attr",
                "value": "content"
              }
            ]
          ],
          "dependencies": [
            "module.key_pair.tls_private_key.eks_key"
          ]
        }
      ]
    },
    {
      "module": "module.key_pair",
      "mode": "managed",
      "type": "tls_private_key",
      "name": "eks_key",
      "provider": "provider[\"registry.terraform.io/hashicorp/tls\"]",
      "instances": [
        {
          "schema_version": 1,
          "attributes": {
            "algorithm": "RSA",
            "ecdsa_curve": "P224",
            "id": "d8dfbf38523beed7ff17e669f6c2d8af6084eb1d",
            "private_key_openssh": "-----BEGIN OPENSSH PRIVATE KEY-----\nb3BlbnNzaC1rZXktdjEAAAAABG5vbmUAAAAEbm9uZQAAAAAAAAABAAACFwAAAAdz\nc2gtcnNhAAAAAwEAAQAAAgEAv8zHxj3X9hHJ/uhux+XnjRwM29Ieb1RRgN5iNdLs\nFsTvjSb6S0N/R2AdXwh+SIAkrgv+gYRFN05wpYxmr+3AMHIuaXJtsa3S1GGsVKZF\nAmKIhbYzPDBEuHNt6tWQpNy6AefH6ZPt7FR/8bodnQvhOvSMgrQBzJKqOGmnqZ/Q\noHrMMLzP0ReyWalLMQGYEAminLL/dwMwLarFcUiS6TOX/KdEYtSwlxWSMhd8Z+UP\nkhyC4Bn3171CYx00NImm3sN9lxY/fB0xiro4MocXHf2Nk/V9Cq7Wf2Q1r7Sg7MCi\nqCw23sIWBFcyMnjEAUPPQTBSJjcRG8KFfJbaVkooYJovXWcQN/r2hULgRqvRdTCr\nO5O+2V+TiQP16TMGDmd9a3EQfff7EvKZhbaVDFhtN8bmroZQhNu0ugCbdSUygYQg\nhAgu+Ol5YIZ63iX6YvtZGc7zCUzWnwSBjSNwgHPaiE0rb6mH9MaJEUKOzdoP1r/D\ni6km9BNiiRqHrLHDBDYCGsCazvtI5GlO6i63/YzlPTX4kku3/czxfqYUL2TdfvTm\nEMA9X31ALV6dU0gKxuLgREnyuQ2Sl49h23mDRWeJWC+FiPCMfCbB437HFLpJLN20\n1Sds+4OJfSwo0x/ACbeVAp4aGov54rENBonNtRDPvN69IQ38lyHF8jOueWq3gzs9\nz2EAAAc4esftYnrH7WIAAAAHc3NoLXJzYQAAAgEAv8zHxj3X9hHJ/uhux+XnjRwM\n29Ieb1RRgN5iNdLsFsTvjSb6S0N/R2AdXwh+SIAkrgv+gYRFN05wpYxmr+3AMHIu\naXJtsa3S1GGsVKZFAmKIhbYzPDBEuHNt6tWQpNy6AefH6ZPt7FR/8bodnQvhOvSM\ngrQBzJKqOGmnqZ/QoHrMMLzP0ReyWalLMQGYEAminLL/dwMwLarFcUiS6TOX/KdE\nYtSwlxWSMhd8Z+UPkhyC4Bn3171CYx00NImm3sN9lxY/fB0xiro4MocXHf2Nk/V9\nCq7Wf2Q1r7Sg7MCiqCw23sIWBFcyMnjEAUPPQTBSJjcRG8KFfJbaVkooYJovXWcQ\nN/r2hULgRqvRdTCrO5O+2V+TiQP16TMGDmd9a3EQfff7EvKZhbaVDFhtN8bmroZQ\nhNu0ugCbdSUygYQghAgu+Ol5YIZ63iX6YvtZGc7zCUzWnwSBjSNwgHPaiE0rb6mH\n9MaJEUKOzdoP1r/Di6km9BNiiRqHrLHDBDYCGsCazvtI5GlO6i63/YzlPTX4kku3\n/czxfqYUL2TdfvTmEMA9X31ALV6dU0gKxuLgREnyuQ2Sl49h23mDRWeJWC+FiPCM\nfCbB437HFLpJLN201Sds+4OJfSwo0x/ACbeVAp4aGov54rENBonNtRDPvN69IQ38\nlyHF8jOueWq3gzs9z2EAAAADAQABAAACAAmQyHvaFL24eGcGp5O/oxM2DWwfKBZs\nUZ5IOQSvLsgZ7UqQYZZEWQIxyHU3Yrjx7yJhBcHm217dQh/3hx2KEXY5E5h9tPvS\nC/w8nNAh9LogOOfWROrhC2RZmWdHXG3kdkBnE2DSWGDbfAANxLFS6No8XQ+ds6NE\nw0mJ92stxcVjKnDZ0dF/SY1QNKhOiItwN5RyFuyUE6CLbkpukKkhwhg/LVlyexYl\n5MMrybASy/qBAoPzt5kiXr+7sqFWJiThAg/5c5QYjqJ5FBltBFmiDiANc72HJ7p1\nwHmxW/9Cwjn57oigjGGOCbpbrIbVn24EX2x5fZhxVJ/4lA4Op8HdnrQHICViEHMM\nAqipsT0EYyLNLX0fo2ssj92wHOK5hVDCgAtin5SSE7QqydMMhXVnQZQRmFNNZcWh\nRB7v1KhXqtBzqBbdjnqvRgLQeEBp3oHSqas6Mhwoc+NXYT0lk/9+MBbgdDYifTL0\nYb0hulazonljOGv2jgNmFbIeMYcgYWD/GkGC1RvgseL4z4lpNxg/f2o+YkdL5Ibt\nzdOUEz6O+y224N3Rk2jUVk68kG06wSv9hEzI9arroO6wHXTsTV41j80RiXZYfihZ\nxh1InF6Wgedpa1tnx5wj6yuCFRwsNA60UAhTYqLF6okFnSOq+xo0nUpLkKmuJfUJ\nx0DN35bQJpTzAAABAGVkK6O3QIG6zJU/c3+0C3MDNuBSE+xfjM46tEJLstXwq2bT\nCLFUZd4+LAMmQpXSEOZvM3z+WgDfmhA43icCXq4izvwauOFeyP+e57Xz9ORDKIaF\nvBUvpBeo5czVZHcG7zYAGbOQXoEYAi455SlX+InjN9DHN7MPaY1w5+ju3O0p3Ljf\ng6DDsABYyPtPmxphzuICYwY5FstG1KVxjvd0SCUfhhYW729T7Sg0RLDqFOteoRpv\nul2Iw/CUEs2igJWajwWcLHhn48auVaHHG7oPRcSC8Hb7LNrUXbWINl/4DLdCYzBS\nLqS8y4OkwRcuQ6gr2EypoYrOBE5ek1YN2/SpZrAAAAEBAMoexFsX2HWDDK8Y36fJ\nYXbmb76KqrALJ5MdnxtwKNh96j2gXhRlzKLHwe+qcYWVtBPjQVtXbNpeFCkSlPy6\n4BhSMEXqpUdR0Uub0e9UOf0UKC1uWh93gkfDTe2tBfOQWiAlvIoCs5Ch9/JI8FSC\nWtvrLAYrlyS8UTDGPm/VOVK34Cr0lk5qN20O9armV4IBYRe0R54ZkpxmJHgyzr/s\ncus7S7USskVDT+AvbSLfjqvVdO/mK8MEbnb8E6Ev3OHdCglqtepgWoUO9Gyk9l33\nlpdvrJgGv4rP9VbQXdvXhxYLuzblepYwzsrXLnoXsw0XlJ0zFjHyOr0jkw6gupi2\n7c8AAAEBAPLtuwn404lI92KCkFD8i6WxWEU8f47aK986BXNJ5k5qZ/ifxcYEjZvF\noLHL+7uys1DVmTV7QgZDoPqXCk41bEpcpRuZrYU0jo7cSObSVzXj5pOm5m6IRtU1\nZk9rGt7JzIkuUs+/J6VCwVkc+6WNedKxInpSKoqF6GqTUv+WAA4dyLPZcDryMixW\nB6DKgHZ4De8qn87pPta/6NyLx32P8WYOg+gJk7ZhGIYdtOd8SNnQLBbm+irBk56d\ng3wnjLJXk9PwtsVAOIDofILttC2yNQVWBfN1lrOIdBtcwX1/xVyHaQ0Gc+N2IMkX\n3pNedgF2o9TZOjnA54kBC1GGERCya88AAAAAAQID\n-----END OPENSSH PRIVATE KEY-----\n",
            "private_key_pem": "-----BEGIN RSA PRIVATE KEY-----\nMIIJKAIBAAKCAgEAv8zHxj3X9hHJ/uhux+XnjRwM29Ieb1RRgN5iNdLsFsTvjSb6\nS0N/R2AdXwh+SIAkrgv+gYRFN05wpYxmr+3AMHIuaXJtsa3S1GGsVKZFAmKIhbYz\nPDBEuHNt6tWQpNy6AefH6ZPt7FR/8bodnQvhOvSMgrQBzJKqOGmnqZ/QoHrMMLzP\n0ReyWalLMQGYEAminLL/dwMwLarFcUiS6TOX/KdEYtSwlxWSMhd8Z+UPkhyC4Bn3\n171CYx00NImm3sN9lxY/fB0xiro4MocXHf2Nk/V9Cq7Wf2Q1r7Sg7MCiqCw23sIW\nBFcyMnjEAUPPQTBSJjcRG8KFfJbaVkooYJovXWcQN/r2hULgRqvRdTCrO5O+2V+T\niQP16TMGDmd9a3EQfff7EvKZhbaVDFhtN8bmroZQhNu0ugCbdSUygYQghAgu+Ol5\nYIZ63iX6YvtZGc7zCUzWnwSBjSNwgHPaiE0rb6mH9MaJEUKOzdoP1r/Di6km9BNi\niRqHrLHDBDYCGsCazvtI5GlO6i63/YzlPTX4kku3/czxfqYUL2TdfvTmEMA9X31A\nLV6dU0gKxuLgREnyuQ2Sl49h23mDRWeJWC+FiPCMfCbB437HFLpJLN201Sds+4OJ\nfSwo0x/ACbeVAp4aGov54rENBonNtRDPvN69IQ38lyHF8jOueWq3gzs9z2ECAwEA\nAQKCAgAJkMh72hS9uHhnBqeTv6MTNg1sHygWbFGeSDkEry7IGe1KkGGWRFkCMch1\nN2K48e8iYQXB5tte3UIf94cdihF2OROYfbT70gv8PJzQIfS6IDjn1kTq4QtkWZln\nR1xt5HZAZxNg0lhg23wADcSxUujaPF0PnbOjRMNJifdrLcXFYypw2dHRf0mNUDSo\nToiLcDeUchbslBOgi25KbpCpIcIYPy1ZcnsWJeTDK8mwEsv6gQKD87eZIl6/u7Kh\nViYk4QIP+XOUGI6ieRQZbQRZog4gDXO9hye6dcB5sVv/QsI5+e6IoIxhjgm6W6yG\n1Z9uBF9seX2YcVSf+JQODqfB3Z60ByAlYhBzDAKoqbE9BGMizS19H6NrLI/dsBzi\nuYVQwoALYp+UkhO0KsnTDIV1Z0GUEZhTTWXFoUQe79SoV6rQc6gW3Y56r0YC0HhA\nad6B0qmrOjIcKHPjV2E9JZP/fjAW4HQ2In0y9GG9IbpWs6J5Yzhr9o4DZhWyHjGH\nIGFg/xpBgtUb4LHi+M+JaTcYP39qPmJHS+SG7c3TlBM+jvsttuDd0ZNo1FZOvJBt\nOsEr/YRMyPWq66DusB107E1eNY/NEYl2WH4oWcYdSJxeloHnaWtbZ8ecI+srghUc\nLDQOtFAIU2KixeqJBZ0jqvsaNJ1KS5CpriX1CcdAzd+W0CaU8wKCAQEAyh7EWxfY\ndYMMrxjfp8lhduZvvoqqsAsnkx2fG3Ao2H3qPaBeFGXMosfB76pxhZW0E+NBW1ds\n2l4UKRKU/LrgGFIwReqlR1HRS5vR71Q5/RQoLW5aH3eCR8NN7a0F85BaICW8igKz\nkKH38kjwVIJa2+ssBiuXJLxRMMY+b9U5UrfgKvSWTmo3bQ71quZXggFhF7RHnhmS\nnGYkeDLOv+xy6ztLtRKyRUNP4C9tIt+Oq9V07+YrwwRudvwToS/c4d0KCWq16mBa\nhQ70bKT2XfeWl2+smAa/is/1VtBd29eHFgu7NuV6ljDOytcuehezDReUnTMWMfI6\nvSOTDqC6mLbtzwKCAQEA8u27CfjTiUj3YoKQUPyLpbFYRTx/jtor3zoFc0nmTmpn\n+J/FxgSNm8Wgscv7u7KzUNWZNXtCBkOg+pcKTjVsSlylG5mthTSOjtxI5tJXNePm\nk6bmbohG1TVmT2sa3snMiS5Sz78npULBWRz7pY150rEielIqioXoapNS/5YADh3I\ns9lwOvIyLFYHoMqAdngN7yqfzuk+1r/o3IvHfY/xZg6D6AmTtmEYhh2053xI2dAs\nFub6KsGTnp2DfCeMsleT0/C2xUA4gOh8gu20LbI1BVYF83WWs4h0G1zBfX/FXIdp\nDQZz43YgyRfek152AXaj1Nk6OcDniQELUYYRELJrzwKCAQEAooh9Q/d39H9uyrtI\n1ydEvhVuVJ4zxh8iMtaGJM1bu0P+ApKcNPDrzxatqKm6Yj7RMZD09JvoB+3Rbnnn\n3xfzrvsgoIihYim0EYX7GubzPsVfzbDIvjcfR9ARMYiKmaNCJknSRHUJqsvklCv9\nPygYInMJ0uhowXzCGWPBv7KKRy9gD4rh96rIaWW3Pje+tOehCSvKz6Mm16f3ucS5\np3JfszPanICtZK9NYy0gKQP3Oc0MHQJNvKQqpHnu2xafG+3g7VOneBMFl6w/98Hr\n8AJyUdLWyuXaT6kNVEN4xpmZoqvKX8nHe1FCabECSeIW9Pc6ZfM37PAqNgCOeBve\nEYJA1wKCAQAgFtkbIxxGSTYsdBS+Le4AcCG525j59MXQ0ehAZ2WdvB6J0Ake9CEE\nj6F/evOAwsU/C0gWsXZyP2K3V1ZMKHBqjjxdHfq22s9t/Zk/rE9K1hTyMhzEQwog\nRdKC8SH2he+Xu1/DA3woL148+EAhiUOrWiy0vb/S1odx9I4FJvpQ4wxM/Y7+qlmI\nU8DkM3uuqoMksZu0iEj9sxH+eBRc+LOpiIdSElnJwJ+tr6Ti4x74brA0QkSPe0yV\nqjbhIpRKRplHaMer3KTaGlvAK8geNSkd0FQu6byDcKXtq13/xu36IAT3bH/IbyU7\niwSisNqjrNlNV3iCgoHTLikhlrUQYJEvAoIBAGVkK6O3QIG6zJU/c3+0C3MDNuBS\nE+xfjM46tEJLstXwq2bTCLFUZd4+LAMmQpXSEOZvM3z+WgDfmhA43icCXq4izvwa\nuOFeyP+e57Xz9ORDKIaFvBUvpBeo5czVZHcG7zYAGbOQXoEYAi455SlX+InjN9DH\nN7MPaY1w5+ju3O0p3Ljfg6DDsABYyPtPmxphzuICYwY5FstG1KVxjvd0SCUfhhYW\n729T7Sg0RLDqFOteoRpvul2Iw/CUEs2igJWajwWcLHhn48auVaHHG7oPRcSC8Hb7\nLNrUXbWINl/4DLdCYzBSLqS8y4OkwRcuQ6gr2EypoYrOBE5ek1YN2/SpZrA=\n-----END RSA PRIVATE KEY-----\n",
            "private_key_pem_pkcs8": "-----BEGIN PRIVATE KEY-----\nMIIJQgIBADANBgkqhkiG9w0BAQEFAASCCSwwggkoAgEAAoICAQC/zMfGPdf2Ecn+\n6G7H5eeNHAzb0h5vVFGA3mI10uwWxO+NJvpLQ39HYB1fCH5IgCSuC/6BhEU3TnCl\njGav7cAwci5pcm2xrdLUYaxUpkUCYoiFtjM8MES4c23q1ZCk3LoB58fpk+3sVH/x\nuh2dC+E69IyCtAHMkqo4aaepn9CgeswwvM/RF7JZqUsxAZgQCaKcsv93AzAtqsVx\nSJLpM5f8p0Ri1LCXFZIyF3xn5Q+SHILgGffXvUJjHTQ0iabew32XFj98HTGKujgy\nhxcd/Y2T9X0KrtZ/ZDWvtKDswKKoLDbewhYEVzIyeMQBQ89BMFImNxEbwoV8ltpW\nSihgmi9dZxA3+vaFQuBGq9F1MKs7k77ZX5OJA/XpMwYOZ31rcRB99/sS8pmFtpUM\nWG03xuauhlCE27S6AJt1JTKBhCCECC746XlghnreJfpi+1kZzvMJTNafBIGNI3CA\nc9qITStvqYf0xokRQo7N2g/Wv8OLqSb0E2KJGoesscMENgIawJrO+0jkaU7qLrf9\njOU9NfiSS7f9zPF+phQvZN1+9OYQwD1ffUAtXp1TSArG4uBESfK5DZKXj2HbeYNF\nZ4lYL4WI8Ix8JsHjfscUukks3bTVJ2z7g4l9LCjTH8AJt5UCnhoai/nisQ0Gic21\nEM+83r0hDfyXIcXyM655areDOz3PYQIDAQABAoICAAmQyHvaFL24eGcGp5O/oxM2\nDWwfKBZsUZ5IOQSvLsgZ7UqQYZZEWQIxyHU3Yrjx7yJhBcHm217dQh/3hx2KEXY5\nE5h9tPvSC/w8nNAh9LogOOfWROrhC2RZmWdHXG3kdkBnE2DSWGDbfAANxLFS6No8\nXQ+ds6NEw0mJ92stxcVjKnDZ0dF/SY1QNKhOiItwN5RyFuyUE6CLbkpukKkhwhg/\nLVlyexYl5MMrybASy/qBAoPzt5kiXr+7sqFWJiThAg/5c5QYjqJ5FBltBFmiDiAN\nc72HJ7p1wHmxW/9Cwjn57oigjGGOCbpbrIbVn24EX2x5fZhxVJ/4lA4Op8HdnrQH\nICViEHMMAqipsT0EYyLNLX0fo2ssj92wHOK5hVDCgAtin5SSE7QqydMMhXVnQZQR\nmFNNZcWhRB7v1KhXqtBzqBbdjnqvRgLQeEBp3oHSqas6Mhwoc+NXYT0lk/9+MBbg\ndDYifTL0Yb0hulazonljOGv2jgNmFbIeMYcgYWD/GkGC1RvgseL4z4lpNxg/f2o+\nYkdL5IbtzdOUEz6O+y224N3Rk2jUVk68kG06wSv9hEzI9arroO6wHXTsTV41j80R\niXZYfihZxh1InF6Wgedpa1tnx5wj6yuCFRwsNA60UAhTYqLF6okFnSOq+xo0nUpL\nkKmuJfUJx0DN35bQJpTzAoIBAQDKHsRbF9h1gwyvGN+nyWF25m++iqqwCyeTHZ8b\ncCjYfeo9oF4UZcyix8HvqnGFlbQT40FbV2zaXhQpEpT8uuAYUjBF6qVHUdFLm9Hv\nVDn9FCgtblofd4JHw03trQXzkFogJbyKArOQoffySPBUglrb6ywGK5ckvFEwxj5v\n1TlSt+Aq9JZOajdtDvWq5leCAWEXtEeeGZKcZiR4Ms6/7HLrO0u1ErJFQ0/gL20i\n346r1XTv5ivDBG52/BOhL9zh3QoJarXqYFqFDvRspPZd95aXb6yYBr+Kz/VW0F3b\n14cWC7s25XqWMM7K1y56F7MNF5SdMxYx8jq9I5MOoLqYtu3PAoIBAQDy7bsJ+NOJ\nSPdigpBQ/IulsVhFPH+O2ivfOgVzSeZOamf4n8XGBI2bxaCxy/u7srNQ1Zk1e0IG\nQ6D6lwpONWxKXKUbma2FNI6O3Ejm0lc14+aTpuZuiEbVNWZPaxreycyJLlLPvyel\nQsFZHPuljXnSsSJ6UiqKhehqk1L/lgAOHciz2XA68jIsVgegyoB2eA3vKp/O6T7W\nv+jci8d9j/FmDoPoCZO2YRiGHbTnfEjZ0CwW5voqwZOenYN8J4yyV5PT8LbFQDiA\n6HyC7bQtsjUFVgXzdZaziHQbXMF9f8Vch2kNBnPjdiDJF96TXnYBdqPU2To5wOeJ\nAQtRhhEQsmvPAoIBAQCiiH1D93f0f27Ku0jXJ0S+FW5UnjPGHyIy1oYkzVu7Q/4C\nkpw08OvPFq2oqbpiPtExkPT0m+gH7dFueeffF/Ou+yCgiKFiKbQRhfsa5vM+xV/N\nsMi+Nx9H0BExiIqZo0ImSdJEdQmqy+SUK/0/KBgicwnS6GjBfMIZY8G/sopHL2AP\niuH3qshpZbc+N76056EJK8rPoybXp/e5xLmncl+zM9qcgK1kr01jLSApA/c5zQwd\nAk28pCqkee7bFp8b7eDtU6d4EwWXrD/3wevwAnJR0tbK5dpPqQ1UQ3jGmZmiq8pf\nycd7UUJpsQJJ4hb09zpl8zfs8Co2AI54G94RgkDXAoIBACAW2RsjHEZJNix0FL4t\n7gBwIbnbmPn0xdDR6EBnZZ28HonQCR70IQSPoX9684DCxT8LSBaxdnI/YrdXVkwo\ncGqOPF0d+rbaz239mT+sT0rWFPIyHMRDCiBF0oLxIfaF75e7X8MDfCgvXjz4QCGJ\nQ6taLLS9v9LWh3H0jgUm+lDjDEz9jv6qWYhTwOQze66qgySxm7SISP2zEf54FFz4\ns6mIh1ISWcnAn62vpOLjHvhusDRCRI97TJWqNuEilEpGmUdox6vcpNoaW8AryB41\nKR3QVC7pvINwpe2rXf/G7fogBPdsf8hvJTuLBKKw2qOs2U1XeIKCgdMuKSGWtRBg\nkS8CggEAZWQro7dAgbrMlT9zf7QLcwM24FIT7F+Mzjq0Qkuy1fCrZtMIsVRl3j4s\nAyZCldIQ5m8zfP5aAN+aEDjeJwJeriLO/Bq44V7I/57ntfP05EMohoW8FS+kF6jl\nzNVkdwbvNgAZs5BegRgCLjnlKVf4ieM30Mc3sw9pjXDn6O7c7SncuN+DoMOwAFjI\n+0+bGmHO4gJjBjkWy0bUpXGO93RIJR+GFhbvb1PtKDREsOoU616hGm+6XYjD8JQS\nzaKAlZqPBZwseGfjxq5Voccbug9FxILwdvss2tRdtYg2X/gMt0JjMFIupLzLg6TB\nFy5DqCvYTKmhis4ETl6TVg3b9KlmsA==\n-----END PRIVATE KEY-----\n",
            "public_key_fingerprint_md5": "46:61:05:e9:ba:fd:fa:13:49:cf:c1:69:c8:1e:dc:66",
            "public_key_fingerprint_sha256": "SHA256:zYaBLPnjskKZd1UTTravo3Mp2PcMh1VDwL/jZY6nfrU",
            "public_key_openssh": "ssh-rsa AAAAB3NzaC1yc2EAAAADAQABAAACAQC/zMfGPdf2Ecn+6G7H5eeNHAzb0h5vVFGA3mI10uwWxO+NJvpLQ39HYB1fCH5IgCSuC/6BhEU3TnCljGav7cAwci5pcm2xrdLUYaxUpkUCYoiFtjM8MES4c23q1ZCk3LoB58fpk+3sVH/xuh2dC+E69IyCtAHMkqo4aaepn9CgeswwvM/RF7JZqUsxAZgQCaKcsv93AzAtqsVxSJLpM5f8p0Ri1LCXFZIyF3xn5Q+SHILgGffXvUJjHTQ0iabew32XFj98HTGKujgyhxcd/Y2T9X0KrtZ/ZDWvtKDswKKoLDbewhYEVzIyeMQBQ89BMFImNxEbwoV8ltpWSihgmi9dZxA3+vaFQuBGq9F1MKs7k77ZX5OJA/XpMwYOZ31rcRB99/sS8pmFtpUMWG03xuauhlCE27S6AJt1JTKBhCCECC746XlghnreJfpi+1kZzvMJTNafBIGNI3CAc9qITStvqYf0xokRQo7N2g/Wv8OLqSb0E2KJGoesscMENgIawJrO+0jkaU7qLrf9jOU9NfiSS7f9zPF+phQvZN1+9OYQwD1ffUAtXp1TSArG4uBESfK5DZKXj2HbeYNFZ4lYL4WI8Ix8JsHjfscUukks3bTVJ2z7g4l9LCjTH8AJt5UCnhoai/nisQ0Gic21EM+83r0hDfyXIcXyM655areDOz3PYQ==\n",
            "public_key_pem": "-----BEGIN PUBLIC KEY-----\nMIICIjANBgkqhkiG9w0BAQEFAAOCAg8AMIICCgKCAgEAv8zHxj3X9hHJ/uhux+Xn\njRwM29Ieb1RRgN5iNdLsFsTvjSb6S0N/R2AdXwh+SIAkrgv+gYRFN05wpYxmr+3A\nMHIuaXJtsa3S1GGsVKZFAmKIhbYzPDBEuHNt6tWQpNy6AefH6ZPt7FR/8bodnQvh\nOvSMgrQBzJKqOGmnqZ/QoHrMMLzP0ReyWalLMQGYEAminLL/dwMwLarFcUiS6TOX\n/KdEYtSwlxWSMhd8Z+UPkhyC4Bn3171CYx00NImm3sN9lxY/fB0xiro4MocXHf2N\nk/V9Cq7Wf2Q1r7Sg7MCiqCw23sIWBFcyMnjEAUPPQTBSJjcRG8KFfJbaVkooYJov\nXWcQN/r2hULgRqvRdTCrO5O+2V+TiQP16TMGDmd9a3EQfff7EvKZhbaVDFhtN8bm\nroZQhNu0ugCbdSUygYQghAgu+Ol5YIZ63iX6YvtZGc7zCUzWnwSBjSNwgHPaiE0r\nb6mH9MaJEUKOzdoP1r/Di6km9BNiiRqHrLHDBDYCGsCazvtI5GlO6i63/YzlPTX4\nkku3/czxfqYUL2TdfvTmEMA9X31ALV6dU0gKxuLgREnyuQ2Sl49h23mDRWeJWC+F\niPCMfCbB437HFLpJLN201Sds+4OJfSwo0x/ACbeVAp4aGov54rENBonNtRDPvN69\nIQ38lyHF8jOueWq3gzs9z2ECAwEAAQ==\n-----END PUBLIC KEY-----\n",
            "rsa_bits": 4096
          },
          "sensitive_attributes": []
        }
      ]
    },
    {
      "module": "module.nat_gateway",
      "mode": "managed",
      "type": "aws_eip",
      "name": "nat_eip",
      "provider": "provider[\"registry.terraform.io/hashicorp/aws\"]",
      "instances": [
        {
          "schema_version": 0,
          "attributes": {
            "address": null,
            "allocation_id": "eipalloc-0083c54ed6d95eaa3",
            "arn": "arn:aws:ec2:us-east-1:945822377117:elastic-ip/eipalloc-0083c54ed6d95eaa3",
            "associate_with_private_ip": null,
            "association_id": "",
            "carrier_ip": "",
            "customer_owned_ip": "",
            "customer_owned_ipv4_pool": "",
            "domain": "vpc",
            "id": "eipalloc-0083c54ed6d95eaa3",
            "instance": "",
            "ipam_pool_id": null,
            "network_border_group": "us-east-1",
            "network_interface": "",
            "private_dns": null,
            "private_ip": "",
            "ptr_record": "",
            "public_dns": "ec2-13-223-240-245.compute-1.amazonaws.com",
            "public_ip": "13.223.240.245",
            "public_ipv4_pool": "amazon",
            "region": "us-east-1",
            "tags": null,
            "tags_all": {},
            "timeouts": null
          },
          "sensitive_attributes": [],
          "private": "eyJlMmJmYjczMC1lY2FhLTExZTYtOGY4OC0zNDM2M2JjN2M0YzAiOnsiZGVsZXRlIjoxODAwMDAwMDAwMDAsInJlYWQiOjkwMDAwMDAwMDAwMCwidXBkYXRlIjozMDAwMDAwMDAwMDB9fQ==",
          "dependencies": [
            "module.internet_gateway.aws_internet_gateway.ig1",
            "module.vpc.aws_vpc.appscrib-vpc"
          ]
        }
      ]
    },
    {
      "module": "module.nat_gateway",
      "mode": "managed",
      "type": "aws_nat_gateway",
      "name": "nat",
      "provider": "provider[\"registry.terraform.io/hashicorp/aws\"]",
      "instances": [
        {
          "schema_version": 0,
          "attributes": {
            "allocation_id": "eipalloc-0083c54ed6d95eaa3",
            "association_id": "eipassoc-0f792f7ebfbeee9cc",
            "connectivity_type": "public",
            "id": "nat-0f8395325232ac264",
            "network_interface_id": "eni-015d84b33129e745b",
            "private_ip": "10.0.1.26",
            "public_ip": "13.223.240.245",
            "region": "us-east-1",
            "secondary_allocation_ids": null,
            "secondary_private_ip_address_count": 0,
            "secondary_private_ip_addresses": [],
            "subnet_id": "subnet-091519efb4795380d",
            "tags": {
              "Name": "appscrip-nat"
            },
            "tags_all": {
              "Name": "appscrip-nat"
            },
            "timeouts": null
          },
          "sensitive_attributes": [],
          "private": "eyJlMmJmYjczMC1lY2FhLTExZTYtOGY4OC0zNDM2M2JjN2M0YzAiOnsiY3JlYXRlIjo2MDAwMDAwMDAwMDAsImRlbGV0ZSI6MTgwMDAwMDAwMDAwMCwidXBkYXRlIjo2MDAwMDAwMDAwMDB9fQ==",
          "dependencies": [
            "module.internet_gateway.aws_internet_gateway.ig1",
            "module.nat_gateway.aws_eip.nat_eip",
            "module.subnet.aws_subnet.public",
            "module.vpc.aws_vpc.appscrib-vpc"
          ]
        }
      ]
    },
    {
      "module": "module.route_table",
      "mode": "managed",
      "type": "aws_route",
      "name": "private-natgateway",
      "provider": "provider[\"registry.terraform.io/hashicorp/aws\"]",
      "instances": [
        {
          "schema_version": 0,
          "attributes": {
            "carrier_gateway_id": "",
            "core_network_arn": "",
            "destination_cidr_block": "0.0.0.0/0",
            "destination_ipv6_cidr_block": "",
            "destination_prefix_list_id": "",
            "egress_only_gateway_id": "",
            "gateway_id": "",
            "id": "r-rtb-0b96073f2e4f594cf1080289494",
            "instance_id": "",
            "instance_owner_id": "",
            "local_gateway_id": "",
            "nat_gateway_id": "nat-0f8395325232ac264",
            "network_interface_id": "",
            "origin": "CreateRoute",
            "region": "us-east-1",
            "route_table_id": "rtb-0b96073f2e4f594cf",
            "state": "active",
            "timeouts": null,
            "transit_gateway_id": "",
            "vpc_endpoint_id": "",
            "vpc_peering_connection_id": ""
          },
          "sensitive_attributes": [],
          "private": "eyJlMmJmYjczMC1lY2FhLTExZTYtOGY4OC0zNDM2M2JjN2M0YzAiOnsiY3JlYXRlIjozMDAwMDAwMDAwMDAsImRlbGV0ZSI6MzAwMDAwMDAwMDAwLCJ1cGRhdGUiOjEyMDAwMDAwMDAwMH19",
          "dependencies": [
            "module.internet_gateway.aws_internet_gateway.ig1",
            "module.nat_gateway.aws_eip.nat_eip",
            "module.nat_gateway.aws_nat_gateway.nat",
            "module.route_table.aws_route_table.pri-rt",
            "module.subnet.aws_subnet.public",
            "module.vpc.aws_vpc.appscrib-vpc"
          ]
        }
      ]
    },
    {
      "module": "module.route_table",
      "mode": "managed",
      "type": "aws_route",
      "name": "public-internetgateway",
      "provider": "provider[\"registry.terraform.io/hashicorp/aws\"]",
      "instances": [
        {
          "schema_version": 0,
          "attributes": {
            "carrier_gateway_id": "",
            "core_network_arn": "",
            "destination_cidr_block": "0.0.0.0/0",
            "destination_ipv6_cidr_block": "",
            "destination_prefix_list_id": "",
            "egress_only_gateway_id": "",
            "gateway_id": "igw-01cf697b030e0c5ea",
            "id": "r-rtb-0224e396028516f9b1080289494",
            "instance_id": "",
            "instance_owner_id": "",
            "local_gateway_id": "",
            "nat_gateway_id": "",
            "network_interface_id": "",
            "origin": "CreateRoute",
            "region": "us-east-1",
            "route_table_id": "rtb-0224e396028516f9b",
            "state": "active",
            "timeouts": null,
            "transit_gateway_id": "",
            "vpc_endpoint_id": "",
            "vpc_peering_connection_id": ""
          },
          "sensitive_attributes": [],
          "private": "eyJlMmJmYjczMC1lY2FhLTExZTYtOGY4OC0zNDM2M2JjN2M0YzAiOnsiY3JlYXRlIjozMDAwMDAwMDAwMDAsImRlbGV0ZSI6MzAwMDAwMDAwMDAwLCJ1cGRhdGUiOjEyMDAwMDAwMDAwMH19",
          "dependencies": [
            "module.internet_gateway.aws_internet_gateway.ig1",
            "module.route_table.aws_route_table.pub-rt",
            "module.vpc.aws_vpc.appscrib-vpc"
          ]
        }
      ]
    },
    {
      "module": "module.route_table",
      "mode": "managed",
      "type": "aws_route_table",
      "name": "pri-rt",
      "provider": "provider[\"registry.terraform.io/hashicorp/aws\"]",
      "instances": [
        {
          "schema_version": 0,
          "attributes": {
            "arn": "arn:aws:ec2:us-east-1:945822377117:route-table/rtb-0b96073f2e4f594cf",
            "id": "rtb-0b96073f2e4f594cf",
            "owner_id": "945822377117",
            "propagating_vgws": [],
            "region": "us-east-1",
            "route": [],
            "tags": {
              "Name": "kube-pri-01"
            },
            "tags_all": {
              "Name": "kube-pri-01"
            },
            "timeouts": null,
            "vpc_id": "vpc-0acd0dfec5f916230"
          },
          "sensitive_attributes": [],
          "private": "eyJlMmJmYjczMC1lY2FhLTExZTYtOGY4OC0zNDM2M2JjN2M0YzAiOnsiY3JlYXRlIjozMDAwMDAwMDAwMDAsImRlbGV0ZSI6MzAwMDAwMDAwMDAwLCJ1cGRhdGUiOjEyMDAwMDAwMDAwMH19",
          "dependencies": [
            "module.vpc.aws_vpc.appscrib-vpc"
          ]
        }
      ]
    },
    {
      "module": "module.route_table",
      "mode": "managed",
      "type": "aws_route_table",
      "name": "pub-rt",
      "provider": "provider[\"registry.terraform.io/hashicorp/aws\"]",
      "instances": [
        {
          "schema_version": 0,
          "attributes": {
            "arn": "arn:aws:ec2:us-east-1:945822377117:route-table/rtb-0224e396028516f9b",
            "id": "rtb-0224e396028516f9b",
            "owner_id": "945822377117",
            "propagating_vgws": [],
            "region": "us-east-1",
            "route": [],
            "tags": {
              "Name": "kube-pub-01"
            },
            "tags_all": {
              "Name": "kube-pub-01"
            },
            "timeouts": null,
            "vpc_id": "vpc-0acd0dfec5f916230"
          },
          "sensitive_attributes": [],
          "private": "eyJlMmJmYjczMC1lY2FhLTExZTYtOGY4OC0zNDM2M2JjN2M0YzAiOnsiY3JlYXRlIjozMDAwMDAwMDAwMDAsImRlbGV0ZSI6MzAwMDAwMDAwMDAwLCJ1cGRhdGUiOjEyMDAwMDAwMDAwMH19",
          "dependencies": [
            "module.vpc.aws_vpc.appscrib-vpc"
          ]
        }
      ]
    },
    {
      "module": "module.route_table_association",
      "mode": "managed",
      "type": "aws_route_table_association",
      "name": "private-subnet-association",
      "provider": "provider[\"registry.terraform.io/hashicorp/aws\"]",
      "instances": [
        {
          "index_key": 0,
          "schema_version": 0,
          "attributes": {
            "gateway_id": "",
            "id": "rtbassoc-095de099775afc74a",
            "region": "us-east-1",
            "route_table_id": "rtb-0b96073f2e4f594cf",
            "subnet_id": "subnet-0c8446c589694b3d3",
            "timeouts": null
          },
          "sensitive_attributes": [],
          "private": "eyJlMmJmYjczMC1lY2FhLTExZTYtOGY4OC0zNDM2M2JjN2M0YzAiOnsiY3JlYXRlIjozMDAwMDAwMDAwMDAsImRlbGV0ZSI6MzAwMDAwMDAwMDAwLCJ1cGRhdGUiOjEyMDAwMDAwMDAwMH19",
          "dependencies": [
            "module.route_table.aws_route_table.pri-rt",
            "module.subnet.aws_subnet.private",
            "module.vpc.aws_vpc.appscrib-vpc"
          ]
        },
        {
          "index_key": 1,
          "schema_version": 0,
          "attributes": {
            "gateway_id": "",
            "id": "rtbassoc-053dce92a16a1bbf7",
            "region": "us-east-1",
            "route_table_id": "rtb-0b96073f2e4f594cf",
            "subnet_id": "subnet-02fc004cbb529bef5",
            "timeouts": null
          },
          "sensitive_attributes": [],
          "private": "eyJlMmJmYjczMC1lY2FhLTExZTYtOGY4OC0zNDM2M2JjN2M0YzAiOnsiY3JlYXRlIjozMDAwMDAwMDAwMDAsImRlbGV0ZSI6MzAwMDAwMDAwMDAwLCJ1cGRhdGUiOjEyMDAwMDAwMDAwMH19",
          "dependencies": [
            "module.route_table.aws_route_table.pri-rt",
            "module.subnet.aws_subnet.private",
            "module.vpc.aws_vpc.appscrib-vpc"
          ]
        }
      ]
    },
    {
      "module": "module.route_table_association",
      "mode": "managed",
      "type": "aws_route_table_association",
      "name": "public-subnet-association",
      "provider": "provider[\"registry.terraform.io/hashicorp/aws\"]",
      "instances": [
        {
          "index_key": 0,
          "schema_version": 0,
          "attributes": {
            "gateway_id": "",
            "id": "rtbassoc-01cc3a5737dafde7d",
            "region": "us-east-1",
            "route_table_id": "rtb-0224e396028516f9b",
            "subnet_id": "subnet-091519efb4795380d",
            "timeouts": null
          },
          "sensitive_attributes": [],
          "private": "eyJlMmJmYjczMC1lY2FhLTExZTYtOGY4OC0zNDM2M2JjN2M0YzAiOnsiY3JlYXRlIjozMDAwMDAwMDAwMDAsImRlbGV0ZSI6MzAwMDAwMDAwMDAwLCJ1cGRhdGUiOjEyMDAwMDAwMDAwMH19",
          "dependencies": [
            "module.route_table.aws_route_table.pub-rt",
            "module.subnet.aws_subnet.public",
            "module.vpc.aws_vpc.appscrib-vpc"
          ]
        },
        {
          "index_key": 1,
          "schema_version": 0,
          "attributes": {
            "gateway_id": "",
            "id": "rtbassoc-0d902e25158adcb5a",
            "region": "us-east-1",
            "route_table_id": "rtb-0224e396028516f9b",
            "subnet_id": "subnet-0f27262c4fa0b1677",
            "timeouts": null
          },
          "sensitive_attributes": [],
          "private": "eyJlMmJmYjczMC1lY2FhLTExZTYtOGY4OC0zNDM2M2JjN2M0YzAiOnsiY3JlYXRlIjozMDAwMDAwMDAwMDAsImRlbGV0ZSI6MzAwMDAwMDAwMDAwLCJ1cGRhdGUiOjEyMDAwMDAwMDAwMH19",
          "dependencies": [
            "module.route_table.aws_route_table.pub-rt",
            "module.subnet.aws_subnet.public",
            "module.vpc.aws_vpc.appscrib-vpc"
          ]
        }
      ]
    },
    {
      "module": "module.subnet",
      "mode": "managed",
      "type": "aws_subnet",
      "name": "private",
      "provider": "provider[\"registry.terraform.io/hashicorp/aws\"]",
      "instances": [
        {
          "index_key": 0,
          "schema_version": 1,
          "attributes": {
            "arn": "arn:aws:ec2:us-east-1:945822377117:subnet/subnet-0c8446c589694b3d3",
            "assign_ipv6_address_on_creation": false,
            "availability_zone": "us-east-1a",
            "availability_zone_id": "use1-az2",
            "cidr_block": "10.0.6.0/24",
            "customer_owned_ipv4_pool": "",
            "enable_dns64": false,
            "enable_lni_at_device_index": 0,
            "enable_resource_name_dns_a_record_on_launch": false,
            "enable_resource_name_dns_aaaa_record_on_launch": false,
            "id": "subnet-0c8446c589694b3d3",
            "ipv6_cidr_block": "",
            "ipv6_cidr_block_association_id": "",
            "ipv6_native": false,
            "map_customer_owned_ip_on_launch": false,
            "map_public_ip_on_launch": false,
            "outpost_arn": "",
            "owner_id": "945822377117",
            "private_dns_hostname_type_on_launch": "ip-name",
            "region": "us-east-1",
            "tags": {
              "Name": "appscrip-pri-01"
            },
            "tags_all": {
              "Name": "appscrip-pri-01"
            },
            "timeouts": null,
            "vpc_id": "vpc-0acd0dfec5f916230"
          },
          "sensitive_attributes": [],
          "private": "eyJlMmJmYjczMC1lY2FhLTExZTYtOGY4OC0zNDM2M2JjN2M0YzAiOnsiY3JlYXRlIjo2MDAwMDAwMDAwMDAsImRlbGV0ZSI6MTIwMDAwMDAwMDAwMH0sInNjaGVtYV92ZXJzaW9uIjoiMSJ9",
          "dependencies": [
            "module.vpc.aws_vpc.appscrib-vpc"
          ]
        },
        {
          "index_key": 1,
          "schema_version": 1,
          "attributes": {
            "arn": "arn:aws:ec2:us-east-1:945822377117:subnet/subnet-02fc004cbb529bef5",
            "assign_ipv6_address_on_creation": false,
            "availability_zone": "us-east-1b",
            "availability_zone_id": "use1-az4",
            "cidr_block": "10.0.7.0/24",
            "customer_owned_ipv4_pool": "",
            "enable_dns64": false,
            "enable_lni_at_device_index": 0,
            "enable_resource_name_dns_a_record_on_launch": false,
            "enable_resource_name_dns_aaaa_record_on_launch": false,
            "id": "subnet-02fc004cbb529bef5",
            "ipv6_cidr_block": "",
            "ipv6_cidr_block_association_id": "",
            "ipv6_native": false,
            "map_customer_owned_ip_on_launch": false,
            "map_public_ip_on_launch": false,
            "outpost_arn": "",
            "owner_id": "945822377117",
            "private_dns_hostname_type_on_launch": "ip-name",
            "region": "us-east-1",
            "tags": {
              "Name": "appscrip-pri-02"
            },
            "tags_all": {
              "Name": "appscrip-pri-02"
            },
            "timeouts": null,
            "vpc_id": "vpc-0acd0dfec5f916230"
          },
          "sensitive_attributes": [],
          "private": "eyJlMmJmYjczMC1lY2FhLTExZTYtOGY4OC0zNDM2M2JjN2M0YzAiOnsiY3JlYXRlIjo2MDAwMDAwMDAwMDAsImRlbGV0ZSI6MTIwMDAwMDAwMDAwMH0sInNjaGVtYV92ZXJzaW9uIjoiMSJ9",
          "dependencies": [
            "module.vpc.aws_vpc.appscrib-vpc"
          ]
        }
      ]
    },
    {
      "module": "module.subnet",
      "mode": "managed",
      "type": "aws_subnet",
      "name": "public",
      "provider": "provider[\"registry.terraform.io/hashicorp/aws\"]",
      "instances": [
        {
          "index_key": 0,
          "schema_version": 1,
          "attributes": {
            "arn": "arn:aws:ec2:us-east-1:945822377117:subnet/subnet-091519efb4795380d",
            "assign_ipv6_address_on_creation": false,
            "availability_zone": "us-east-1a",
            "availability_zone_id": "use1-az2",
            "cidr_block": "10.0.1.0/24",
            "customer_owned_ipv4_pool": "",
            "enable_dns64": false,
            "enable_lni_at_device_index": 0,
            "enable_resource_name_dns_a_record_on_launch": false,
            "enable_resource_name_dns_aaaa_record_on_launch": false,
            "id": "subnet-091519efb4795380d",
            "ipv6_cidr_block": "",
            "ipv6_cidr_block_association_id": "",
            "ipv6_native": false,
            "map_customer_owned_ip_on_launch": false,
            "map_public_ip_on_launch": true,
            "outpost_arn": "",
            "owner_id": "945822377117",
            "private_dns_hostname_type_on_launch": "ip-name",
            "region": "us-east-1",
            "tags": {
              "Name": "appscrip-pub-01"
            },
            "tags_all": {
              "Name": "appscrip-pub-01"
            },
            "timeouts": null,
            "vpc_id": "vpc-0acd0dfec5f916230"
          },
          "sensitive_attributes": [],
          "private": "eyJlMmJmYjczMC1lY2FhLTExZTYtOGY4OC0zNDM2M2JjN2M0YzAiOnsiY3JlYXRlIjo2MDAwMDAwMDAwMDAsImRlbGV0ZSI6MTIwMDAwMDAwMDAwMH0sInNjaGVtYV92ZXJzaW9uIjoiMSJ9",
          "dependencies": [
            "module.vpc.aws_vpc.appscrib-vpc"
          ]
        },
        {
          "index_key": 1,
          "schema_version": 1,
          "attributes": {
            "arn": "arn:aws:ec2:us-east-1:945822377117:subnet/subnet-0f27262c4fa0b1677",
            "assign_ipv6_address_on_creation": false,
            "availability_zone": "us-east-1b",
            "availability_zone_id": "use1-az4",
            "cidr_block": "10.0.2.0/24",
            "customer_owned_ipv4_pool": "",
            "enable_dns64": false,
            "enable_lni_at_device_index": 0,
            "enable_resource_name_dns_a_record_on_launch": false,
            "enable_resource_name_dns_aaaa_record_on_launch": false,
            "id": "subnet-0f27262c4fa0b1677",
            "ipv6_cidr_block": "",
            "ipv6_cidr_block_association_id": "",
            "ipv6_native": false,
            "map_customer_owned_ip_on_launch": false,
            "map_public_ip_on_launch": true,
            "outpost_arn": "",
            "owner_id": "945822377117",
            "private_dns_hostname_type_on_launch": "ip-name",
            "region": "us-east-1",
            "tags": {
              "Name": "appscrip-pub-02"
            },
            "tags_all": {
              "Name": "appscrip-pub-02"
            },
            "timeouts": null,
            "vpc_id": "vpc-0acd0dfec5f916230"
          },
          "sensitive_attributes": [],
          "private": "eyJlMmJmYjczMC1lY2FhLTExZTYtOGY4OC0zNDM2M2JjN2M0YzAiOnsiY3JlYXRlIjo2MDAwMDAwMDAwMDAsImRlbGV0ZSI6MTIwMDAwMDAwMDAwMH0sInNjaGVtYV92ZXJzaW9uIjoiMSJ9",
          "dependencies": [
            "module.vpc.aws_vpc.appscrib-vpc"
          ]
        }
      ]
    },
    {
      "module": "module.vpc",
      "mode": "managed",
      "type": "aws_vpc",
      "name": "appscrib-vpc",
      "provider": "provider[\"registry.terraform.io/hashicorp/aws\"]",
      "instances": [
        {
          "schema_version": 1,
          "attributes": {
            "arn": "arn:aws:ec2:us-east-1:945822377117:vpc/vpc-0acd0dfec5f916230",
            "assign_generated_ipv6_cidr_block": false,
            "cidr_block": "10.0.0.0/16",
            "default_network_acl_id": "acl-0dab268dcd3e44547",
            "default_route_table_id": "rtb-022f1cb39dc986a2d",
            "default_security_group_id": "sg-0e6d64a51ea810181",
            "dhcp_options_id": "dopt-0d4ba40b9bab053ea",
            "enable_dns_hostnames": false,
            "enable_dns_support": true,
            "enable_network_address_usage_metrics": false,
            "id": "vpc-0acd0dfec5f916230",
            "instance_tenancy": "default",
            "ipv4_ipam_pool_id": null,
            "ipv4_netmask_length": null,
            "ipv6_association_id": "",
            "ipv6_cidr_block": "",
            "ipv6_cidr_block_network_border_group": "",
            "ipv6_ipam_pool_id": "",
            "ipv6_netmask_length": 0,
            "main_route_table_id": "rtb-022f1cb39dc986a2d",
            "owner_id": "945822377117",
            "region": "us-east-1",
            "tags": {
              "Name": "appscrip_vpc"
            },
            "tags_all": {
              "Name": "appscrip_vpc"
            }
          },
          "sensitive_attributes": [],
          "private": "eyJzY2hlbWFfdmVyc2lvbiI6IjEifQ=="
        }
      ]
    }
  ],
  "check_results": null
}
